{
  "name": "ng2-date-picker",
  "version": "11.0.0",
  "lockfileVersion": 1,
  "requires": true,
  "dependencies": {
    "moment-mini": {
      "version": "2.29.4",
      "resolved": "https://registry.npmjs.org/moment-mini/-/moment-mini-2.29.4.tgz",
      "integrity": "sha512-uhXpYwHFeiTbY9KSgPPRoo1nt8OxNVdMVoTBYHfSEKeRkIkwGpO+gERmhuhBtzfaeOyTkykSrm2+noJBgqt3Hg=="
    },
    "tslib": {
      "version": "2.4.0",
      "resolved": "https://registry.npmjs.org/tslib/-/tslib-2.4.0.tgz",
      "integrity": "sha512-d6xOpEDfsi2CZVlPQzGeux8XMwLT9hssAsaPYExaQMuYskwb+x1x7J371tWlbBdWHroy99KnVB6qIkUbs5X3UQ=="
    }
  }
}
